
Microsoft Visual Studio Solution File, Format Version 12.00
# Visual Studio 2013
VisualStudioVersion = 12.0.21005.1
MinimumVisualStudioVersion = 10.0.40219.1
Project("{FAE04EC0-301F-11D3-BF4B-00C04F79EFBC}") = "单例模式", "单例模式\单例模式.csproj", "{A27EB44B-1C32-4404-BDBB-44392390F9A0}"
EndProject
Project("{FAE04EC0-301F-11D3-BF4B-00C04F79EFBC}") = "单例模式实际例子", "单例模式实际例子\单例模式实际例子.csproj", "{5A9685D7-CF0A-4087-9D9F-138E198FC5E3}"
EndProject
Global
	GlobalSection(SolutionConfigurationPlatforms) = preSolution
		Debug|Any CPU = Debug|Any CPU
		Release|Any CPU = Release|Any CPU
	EndGlobalSection
	GlobalSection(ProjectConfigurationPlatforms) = postSolution
		{A27EB44B-1C32-4404-BDBB-44392390F9A0}.Debug|Any CPU.ActiveCfg = Debug|Any CPU
		{A27EB44B-1C32-4404-BDBB-44392390F9A0}.Debug|Any CPU.Build.0 = Debug|Any CPU
		{A27EB44B-1C32-4404-BDBB-44392390F9A0}.Release|Any CPU.ActiveCfg = Release|Any CPU
		{A27EB44B-1C32-4404-BDBB-44392390F9A0}.Release|Any CPU.Build.0 = Release|Any CPU
		{5A9685D7-CF0A-4087-9D9F-138E198FC5E3}.Debug|Any CPU.ActiveCfg = Debug|Any CPU
		{5A9685D7-CF0A-4087-9D9F-138E198FC5E3}.Debug|Any CPU.Build.0 = Debug|Any CPU
		{5A9685D7-CF0A-4087-9D9F-138E198FC5E3}.Release|Any CPU.ActiveCfg = Release|Any CPU
		{5A9685D7-CF0A-4087-9D9F-138E198FC5E3}.Release|Any CPU.Build.0 = Release|Any CPU
	EndGlobalSection
	GlobalSection(SolutionProperties) = preSolution
		HideSolutionNode = FALSE
	EndGlobalSection
EndGlobal
