
Microsoft Visual Studio Solution File, Format Version 12.00
# Visual Studio 2013
VisualStudioVersion = 12.0.21005.1
MinimumVisualStudioVersion = 10.0.40219.1
Project("{FAE04EC0-301F-11D3-BF4B-00C04F79EFBC}") = "工厂方法模式", "工厂方法模式\工厂方法模式.csproj", "{A158DAA5-1375-4E31-B047-7E1610A78282}"
EndProject
Project("{FAE04EC0-301F-11D3-BF4B-00C04F79EFBC}") = "工厂方法模式例子1", "工厂方法模式例子1\工厂方法模式例子1.csproj", "{B4CADC89-0886-4542-8990-B6F8BFF802C0}"
EndProject
Project("{FAE04EC0-301F-11D3-BF4B-00C04F79EFBC}") = "简单工厂例子", "简单工厂例子\简单工厂例子.csproj", "{5DAE4E70-2FB9-47D4-B4F8-B7BAE69723EC}"
EndProject
Global
	GlobalSection(SolutionConfigurationPlatforms) = preSolution
		Debug|Any CPU = Debug|Any CPU
		Release|Any CPU = Release|Any CPU
	EndGlobalSection
	GlobalSection(ProjectConfigurationPlatforms) = postSolution
		{A158DAA5-1375-4E31-B047-7E1610A78282}.Debug|Any CPU.ActiveCfg = Debug|Any CPU
		{A158DAA5-1375-4E31-B047-7E1610A78282}.Debug|Any CPU.Build.0 = Debug|Any CPU
		{A158DAA5-1375-4E31-B047-7E1610A78282}.Release|Any CPU.ActiveCfg = Release|Any CPU
		{A158DAA5-1375-4E31-B047-7E1610A78282}.Release|Any CPU.Build.0 = Release|Any CPU
		{B4CADC89-0886-4542-8990-B6F8BFF802C0}.Debug|Any CPU.ActiveCfg = Debug|Any CPU
		{B4CADC89-0886-4542-8990-B6F8BFF802C0}.Debug|Any CPU.Build.0 = Debug|Any CPU
		{B4CADC89-0886-4542-8990-B6F8BFF802C0}.Release|Any CPU.ActiveCfg = Release|Any CPU
		{B4CADC89-0886-4542-8990-B6F8BFF802C0}.Release|Any CPU.Build.0 = Release|Any CPU
		{5DAE4E70-2FB9-47D4-B4F8-B7BAE69723EC}.Debug|Any CPU.ActiveCfg = Debug|Any CPU
		{5DAE4E70-2FB9-47D4-B4F8-B7BAE69723EC}.Debug|Any CPU.Build.0 = Debug|Any CPU
		{5DAE4E70-2FB9-47D4-B4F8-B7BAE69723EC}.Release|Any CPU.ActiveCfg = Release|Any CPU
		{5DAE4E70-2FB9-47D4-B4F8-B7BAE69723EC}.Release|Any CPU.Build.0 = Release|Any CPU
	EndGlobalSection
	GlobalSection(SolutionProperties) = preSolution
		HideSolutionNode = FALSE
	EndGlobalSection
EndGlobal
