
Microsoft Visual Studio Solution File, Format Version 12.00
# Visual Studio 2013
VisualStudioVersion = 12.0.21005.1
MinimumVisualStudioVersion = 10.0.40219.1
Project("{FAE04EC0-301F-11D3-BF4B-00C04F79EFBC}") = "代理模式", "代理模式\代理模式.csproj", "{BFA764EA-95A0-4354-A40A-47800A3E420A}"
EndProject
Project("{FAE04EC0-301F-11D3-BF4B-00C04F79EFBC}") = "代理模式例子1", "代理模式例子1\代理模式例子1.csproj", "{3191B054-D695-43E6-8852-B55FA7B30104}"
EndProject
Global
	GlobalSection(SolutionConfigurationPlatforms) = preSolution
		Debug|Any CPU = Debug|Any CPU
		Release|Any CPU = Release|Any CPU
	EndGlobalSection
	GlobalSection(ProjectConfigurationPlatforms) = postSolution
		{BFA764EA-95A0-4354-A40A-47800A3E420A}.Debug|Any CPU.ActiveCfg = Debug|Any CPU
		{BFA764EA-95A0-4354-A40A-47800A3E420A}.Debug|Any CPU.Build.0 = Debug|Any CPU
		{BFA764EA-95A0-4354-A40A-47800A3E420A}.Release|Any CPU.ActiveCfg = Release|Any CPU
		{BFA764EA-95A0-4354-A40A-47800A3E420A}.Release|Any CPU.Build.0 = Release|Any CPU
		{3191B054-D695-43E6-8852-B55FA7B30104}.Debug|Any CPU.ActiveCfg = Debug|Any CPU
		{3191B054-D695-43E6-8852-B55FA7B30104}.Debug|Any CPU.Build.0 = Debug|Any CPU
		{3191B054-D695-43E6-8852-B55FA7B30104}.Release|Any CPU.ActiveCfg = Release|Any CPU
		{3191B054-D695-43E6-8852-B55FA7B30104}.Release|Any CPU.Build.0 = Release|Any CPU
	EndGlobalSection
	GlobalSection(SolutionProperties) = preSolution
		HideSolutionNode = FALSE
	EndGlobalSection
EndGlobal
